
Microsoft Visual Studio Solution File, Format Version 12.00
# Visual Studio 14
VisualStudioVersion = 14.0.25420.1
MinimumVisualStudioVersion = 10.0.40219.1
Project("{FAE04EC0-301F-11D3-BF4B-00C04F79EFBC}") = "Blog.Web", "Blog\Blog.Web.csproj", "{223EB74B-184B-4882-9043-972D7129E4E9}"
EndProject
Project("{FAE04EC0-301F-11D3-BF4B-00C04F79EFBC}") = "Blog.Web.Tests", "Blog.Web.Tests\Blog.Web.Tests.csproj", "{78881313-21F0-4690-84E9-DC3CA319211A}"
EndProject
Project("{FAE04EC0-301F-11D3-BF4B-00C04F79EFBC}") = "Blog.Domain", "Blog.Domain\Blog.Domain.csproj", "{27DC3937-B375-4C0A-8DAF-0E1E7F911E08}"
EndProject
Global
	GlobalSection(SolutionConfigurationPlatforms) = preSolution
		Debug|Any CPU = Debug|Any CPU
		Release|Any CPU = Release|Any CPU
	EndGlobalSection
	GlobalSection(ProjectConfigurationPlatforms) = postSolution
		{223EB74B-184B-4882-9043-972D7129E4E9}.Debug|Any CPU.ActiveCfg = Debug|Any CPU
		{223EB74B-184B-4882-9043-972D7129E4E9}.Debug|Any CPU.Build.0 = Debug|Any CPU
		{223EB74B-184B-4882-9043-972D7129E4E9}.Release|Any CPU.ActiveCfg = Release|Any CPU
		{223EB74B-184B-4882-9043-972D7129E4E9}.Release|Any CPU.Build.0 = Release|Any CPU
		{78881313-21F0-4690-84E9-DC3CA319211A}.Debug|Any CPU.ActiveCfg = Debug|Any CPU
		{78881313-21F0-4690-84E9-DC3CA319211A}.Debug|Any CPU.Build.0 = Debug|Any CPU
		{78881313-21F0-4690-84E9-DC3CA319211A}.Release|Any CPU.ActiveCfg = Release|Any CPU
		{78881313-21F0-4690-84E9-DC3CA319211A}.Release|Any CPU.Build.0 = Release|Any CPU
		{27DC3937-B375-4C0A-8DAF-0E1E7F911E08}.Debug|Any CPU.ActiveCfg = Debug|Any CPU
		{27DC3937-B375-4C0A-8DAF-0E1E7F911E08}.Debug|Any CPU.Build.0 = Debug|Any CPU
		{27DC3937-B375-4C0A-8DAF-0E1E7F911E08}.Release|Any CPU.ActiveCfg = Release|Any CPU
		{27DC3937-B375-4C0A-8DAF-0E1E7F911E08}.Release|Any CPU.Build.0 = Release|Any CPU
	EndGlobalSection
	GlobalSection(SolutionProperties) = preSolution
		HideSolutionNode = FALSE
	EndGlobalSection
EndGlobal
